
Microsoft Visual Studio Solution File, Format Version 12.00
# Visual Studio Version 16
VisualStudioVersion = 16.0.32901.82
MinimumVisualStudioVersion = 10.0.40219.1
Project("{9A19103F-16F7-4668-BE54-9A1E7A4F7556}") = "RazorPizzeria", "RazorPizzeria\RazorPizzeria.csproj", "{9DF7783E-6C7A-4989-8138-81A5C39B82F8}"
EndProject
Global
	GlobalSection(SolutionConfigurationPlatforms) = preSolution
		Debug|Any CPU = Debug|Any CPU
		Release|Any CPU = Release|Any CPU
	EndGlobalSection
	GlobalSection(ProjectConfigurationPlatforms) = postSolution
		{9DF7783E-6C7A-4989-8138-81A5C39B82F8}.Debug|Any CPU.ActiveCfg = Debug|Any CPU
		{9DF7783E-6C7A-4989-8138-81A5C39B82F8}.Debug|Any CPU.Build.0 = Debug|Any CPU
		{9DF7783E-6C7A-4989-8138-81A5C39B82F8}.Release|Any CPU.ActiveCfg = Release|Any CPU
		{9DF7783E-6C7A-4989-8138-81A5C39B82F8}.Release|Any CPU.Build.0 = Release|Any CPU
	EndGlobalSection
	GlobalSection(SolutionProperties) = preSolution
		HideSolutionNode = FALSE
	EndGlobalSection
	GlobalSection(ExtensibilityGlobals) = postSolution
		SolutionGuid = {FBC1113C-0AC6-4B4F-B0B9-C6A210E0CD45}
	EndGlobalSection
EndGlobal
